{
  "name": "gbalua",
  "version": "0.2.0",
  "lockfileVersion": 3,
  "requires": true,
  "packages": {
    "": {
      "name": "gbalua",
      "version": "0.2.0",
      "dependencies": {
        "romdev-maxmod": "0.1.0",
        "romdev-platform-gba": "^0.11.0"
      },
      "bin": {
        "gbalua": "bin/gbalua.js"
      },
      "engines": {
        "node": ">=24"
      }
    },
    "node_modules/romdev-maxmod": {
      "version": "0.1.0",
      "resolved": "https://registry.npmjs.org/romdev-maxmod/-/romdev-maxmod-0.1.0.tgz",
      "integrity": "sha512-zPFNfSMJbdaAnRjdXKpNeFEVKUYXhKF68hlaoj/6SEQMcfbhRXXGDHEI/E+wnmqrxZUMySnmhpWabLkHLh66ow==",
      "license": "MIT",
      "engines": {
        "node": ">=24"
      }
    },
    "node_modules/romdev-platform-gba": {
      "version": "0.11.0",
      "resolved": "https://registry.npmjs.org/romdev-platform-gba/-/romdev-platform-gba-0.11.0.tgz",
      "integrity": "sha512-3dkFlQdYV2stLnAxqnTGc7Ph7KCFmN+XL7OAxqy7nlSRJdtlIXp1IEJd7JKYI+HdQLxaJspFDSDPI6Myzsdt6Q==",
      "license": "MPL-2.0",
      "engines": {
        "node": ">=24"
      }
    }
  }
}
